# This file was autogenerated by Stack.
# You should not edit this file by hand.
# For more information, please see the documentation at:
#   https://docs.haskellstack.org/en/stable/lock_files

packages:
- completed:
    hackage: wcwidth-0.0.2@sha256:77531eb6683c505c22ab3fa11bbc43d3ce1e7dac21401d4d5a19677d348bb5f3,1998
    pantry-tree:
      size: 328
      sha256: e41a76d32d11404240c0f5263e9f6dc9874083a1119db703ee65c28ed76f4505
  original:
    hackage: wcwidth-0.0.2
- completed:
    hackage: ansi-terminal-0.9@sha256:24e357bccd882add0d9caee63136d6b7923aaa9e36ed515097230dca82b0065c,3154
    pantry-tree:
      size: 1386
      sha256: ba8e708bbeb1d2d277f40d09627e91cc597b08334b63936c661263c18108d008
  original:
    hackage: ansi-terminal-0.9
snapshots:
- completed:
    size: 502681
    url: https://raw.githubusercontent.com/commercialhaskell/stackage-snapshots/master/nightly/2019/1/30.yaml
    sha256: b6b49297415bd1daab72217fd455b15ce311057526f4713eae746cf6123fe907
  original: nightly-2019-01-30
